
Microsoft Visual Studio Solution File, Format Version 12.00
# Visual Studio Version 17
VisualStudioVersion = 17.9.34723.18
MinimumVisualStudioVersion = 10.0.40219.1
Project("{FAE04EC0-301F-11D3-BF4B-00C04F79EFBC}") = "API", "API.csproj", "{020EE9E8-B830-45E6-8717-5FE6F88EE693}"
EndProject
Global
	GlobalSection(SolutionConfigurationPlatforms) = preSolution
		Debug|Any CPU = Debug|Any CPU
		Release|Any CPU = Release|Any CPU
	EndGlobalSection
	GlobalSection(ProjectConfigurationPlatforms) = postSolution
		{020EE9E8-B830-45E6-8717-5FE6F88EE693}.Debug|Any CPU.ActiveCfg = Debug|Any CPU
		{020EE9E8-B830-45E6-8717-5FE6F88EE693}.Debug|Any CPU.Build.0 = Debug|Any CPU
		{020EE9E8-B830-45E6-8717-5FE6F88EE693}.Release|Any CPU.ActiveCfg = Release|Any CPU
		{020EE9E8-B830-45E6-8717-5FE6F88EE693}.Release|Any CPU.Build.0 = Release|Any CPU
	EndGlobalSection
	GlobalSection(SolutionProperties) = preSolution
		HideSolutionNode = FALSE
	EndGlobalSection
	GlobalSection(ExtensibilityGlobals) = postSolution
		SolutionGuid = {5E799765-381B-4C73-8325-585ED7B7DDA3}
	EndGlobalSection
EndGlobal
